// !$*UTF8*$!
{
	archiveVersion = 1;
	classes = {
	};
	objectVersion = 46;
	objects = {

/* Begin PBXBuildFile section */
		91163F231FA12F25004C6411 /* CoreDataMappable.swift in Sources */ = {isa = PBXBuildFile; fileRef = 91163F221FA12F25004C6411 /* CoreDataMappable.swift */; };
		91B21EB61FA0EC9500B890E5 /* CoreDataStack.swift in Sources */ = {isa = PBXBuildFile; fileRef = 91B21EB51FA0EC9500B890E5 /* CoreDataStack.swift */; };
		91B21EB91FA0F54C00B890E5 /* GamesModel.xcdatamodeld in Sources */ = {isa = PBXBuildFile; fileRef = 91B21EB71FA0F54C00B890E5 /* GamesModel.xcdatamodeld */; };
		E248C2601EC1F67F00F2EB2D /* Gettable.swift in Sources */ = {isa = PBXBuildFile; fileRef = E248C25D1EC1F67F00F2EB2D /* Gettable.swift */; };
		E248C2611EC1F67F00F2EB2D /* NetworkingResult.swift in Sources */ = {isa = PBXBuildFile; fileRef = E248C25E1EC1F67F00F2EB2D /* NetworkingResult.swift */; };
		E248C2691EC1F69300F2EB2D /* FunkingHelpers.swift in Sources */ = {isa = PBXBuildFile; fileRef = E248C2631EC1F69300F2EB2D /* FunkingHelpers.swift */; };
		E248C26A1EC1F69300F2EB2D /* FunkingMethod.swift in Sources */ = {isa = PBXBuildFile; fileRef = E248C2641EC1F69300F2EB2D /* FunkingMethod.swift */; };
		E248C26B1EC1F69300F2EB2D /* FunkingRequest.swift in Sources */ = {isa = PBXBuildFile; fileRef = E248C2651EC1F69300F2EB2D /* FunkingRequest.swift */; };
		E248C26C1EC1F69300F2EB2D /* FunkingResponse.swift in Sources */ = {isa = PBXBuildFile; fileRef = E248C2661EC1F69300F2EB2D /* FunkingResponse.swift */; };
		E248C26D1EC1F69300F2EB2D /* FunkingResult.swift in Sources */ = {isa = PBXBuildFile; fileRef = E248C2671EC1F69300F2EB2D /* FunkingResult.swift */; };
		E248C26E1EC1F69300F2EB2D /* FunkTheRest.swift in Sources */ = {isa = PBXBuildFile; fileRef = E248C2681EC1F69300F2EB2D /* FunkTheRest.swift */; };
		E248C2701EC1FE9C00F2EB2D /* GameListService.swift in Sources */ = {isa = PBXBuildFile; fileRef = E248C26F1EC1FE9C00F2EB2D /* GameListService.swift */; };
		E248C2731EC1FEFF00F2EB2D /* AppConfig.swift in Sources */ = {isa = PBXBuildFile; fileRef = E248C2721EC1FEFF00F2EB2D /* AppConfig.swift */; };
		E248C2901EC2290D00F2EB2D /* ImageGroup.swift in Sources */ = {isa = PBXBuildFile; fileRef = E248C28F1EC2290D00F2EB2D /* ImageGroup.swift */; };
		E248C2941EC22BE900F2EB2D /* Game.swift in Sources */ = {isa = PBXBuildFile; fileRef = E248C2931EC22BE900F2EB2D /* Game.swift */; };
		E248C2961EC22D6700F2EB2D /* GameInfo.swift in Sources */ = {isa = PBXBuildFile; fileRef = E248C2951EC22D6700F2EB2D /* GameInfo.swift */; };
		E248C2981EC22DEA00F2EB2D /* GameInfoList.swift in Sources */ = {isa = PBXBuildFile; fileRef = E248C2971EC22DEA00F2EB2D /* GameInfoList.swift */; };
		E248C29A1EC2342800F2EB2D /* EndPointRoute.swift in Sources */ = {isa = PBXBuildFile; fileRef = E248C2991EC2342800F2EB2D /* EndPointRoute.swift */; };
		E248C2A21EC23AF600F2EB2D /* GameListViewController.swift in Sources */ = {isa = PBXBuildFile; fileRef = E248C2A11EC23AF600F2EB2D /* GameListViewController.swift */; };
		E248C2A51EC23B3900F2EB2D /* GameListInterface.swift in Sources */ = {isa = PBXBuildFile; fileRef = E248C2A41EC23B3900F2EB2D /* GameListInterface.swift */; };
		E248C2A71EC23B5300F2EB2D /* GameListView.swift in Sources */ = {isa = PBXBuildFile; fileRef = E248C2A61EC23B5300F2EB2D /* GameListView.swift */; };
		E248C2A91EC23DF900F2EB2D /* GameListIO.swift in Sources */ = {isa = PBXBuildFile; fileRef = E248C2A81EC23DF900F2EB2D /* GameListIO.swift */; };
		E248C2AB1EC23ECC00F2EB2D /* GameListConfigurator.swift in Sources */ = {isa = PBXBuildFile; fileRef = E248C2AA1EC23ECC00F2EB2D /* GameListConfigurator.swift */; };
		E248C2AF1EC2418800F2EB2D /* GameCell.swift in Sources */ = {isa = PBXBuildFile; fileRef = E248C2AD1EC2418800F2EB2D /* GameCell.swift */; };
		E248C2B01EC2418800F2EB2D /* GameCell.xib in Resources */ = {isa = PBXBuildFile; fileRef = E248C2AE1EC2418800F2EB2D /* GameCell.xib */; };
		E248C2B21EC2473E00F2EB2D /* GameListPresenter.swift in Sources */ = {isa = PBXBuildFile; fileRef = E248C2B11EC2473E00F2EB2D /* GameListPresenter.swift */; };
		E248C2B41EC2487800F2EB2D /* GameListDefaultInteractor.swift in Sources */ = {isa = PBXBuildFile; fileRef = E248C2B31EC2487800F2EB2D /* GameListDefaultInteractor.swift */; };
		E248C2B91EC2606800F2EB2D /* GameDetailViewController.swift in Sources */ = {isa = PBXBuildFile; fileRef = E248C2B81EC2606800F2EB2D /* GameDetailViewController.swift */; };
		E248C2BC1EC260DB00F2EB2D /* GameDetailView.swift in Sources */ = {isa = PBXBuildFile; fileRef = E248C2BB1EC260DB00F2EB2D /* GameDetailView.swift */; };
		E248C2BE1EC260E600F2EB2D /* GameDetailInterface.swift in Sources */ = {isa = PBXBuildFile; fileRef = E248C2BD1EC260E600F2EB2D /* GameDetailInterface.swift */; };
		E248C2C01EC268C600F2EB2D /* GameDetailPresenter.swift in Sources */ = {isa = PBXBuildFile; fileRef = E248C2BF1EC268C600F2EB2D /* GameDetailPresenter.swift */; };
		E248C2C21EC269B900F2EB2D /* GameListWireframe.swift in Sources */ = {isa = PBXBuildFile; fileRef = E248C2C11EC269B900F2EB2D /* GameListWireframe.swift */; };
		E248C2C41EC26A0600F2EB2D /* GameListRouter.swift in Sources */ = {isa = PBXBuildFile; fileRef = E248C2C31EC26A0600F2EB2D /* GameListRouter.swift */; };
		E248C2C61EC2A39F00F2EB2D /* GameDetailConfiguration.swift in Sources */ = {isa = PBXBuildFile; fileRef = E248C2C51EC2A39F00F2EB2D /* GameDetailConfiguration.swift */; };
		E248C2CB1EC2AA6C00F2EB2D /* ImageDownloadService.swift in Sources */ = {isa = PBXBuildFile; fileRef = E248C2CA1EC2AA6C00F2EB2D /* ImageDownloadService.swift */; };
		E248C2CE1EC2AB4100F2EB2D /* HttpStatusCode.swift in Sources */ = {isa = PBXBuildFile; fileRef = E248C2CD1EC2AB4100F2EB2D /* HttpStatusCode.swift */; };
		E248C2D11EC2B6A000F2EB2D /* GameScreenViewController.swift in Sources */ = {isa = PBXBuildFile; fileRef = E248C2D01EC2B6A000F2EB2D /* GameScreenViewController.swift */; };
		E24EED4C1EC37BF300F719C6 /* ObjectMapper.framework in Frameworks */ = {isa = PBXBuildFile; fileRef = E248C27F1EC2269900F2EB2D /* ObjectMapper.framework */; };
		E24EED4D1EC37BF300F719C6 /* ObjectMapper.framework in Embed Frameworks */ = {isa = PBXBuildFile; fileRef = E248C27F1EC2269900F2EB2D /* ObjectMapper.framework */; settings = {ATTRIBUTES = (CodeSignOnCopy, RemoveHeadersOnCopy, ); }; };
		E24EED571EC3A68800F719C6 /* PersistServiceTest.swift in Sources */ = {isa = PBXBuildFile; fileRef = E24EED561EC3A68800F719C6 /* PersistServiceTest.swift */; };
		E24EED591EC3A93600F719C6 /* GameDetailViewControllerTests.swift in Sources */ = {isa = PBXBuildFile; fileRef = E24EED581EC3A93600F719C6 /* GameDetailViewControllerTests.swift */; };
		E2CF6CC81EB77BFC007ECE43 /* AppDelegate.swift in Sources */ = {isa = PBXBuildFile; fileRef = E2CF6CC71EB77BFC007ECE43 /* AppDelegate.swift */; };
		E2CF6CCD1EB77BFC007ECE43 /* Main.storyboard in Resources */ = {isa = PBXBuildFile; fileRef = E2CF6CCB1EB77BFC007ECE43 /* Main.storyboard */; };
		E2CF6CCF1EB77BFC007ECE43 /* Assets.xcassets in Resources */ = {isa = PBXBuildFile; fileRef = E2CF6CCE1EB77BFC007ECE43 /* Assets.xcassets */; };
		E2CF6CD21EB77BFC007ECE43 /* LaunchScreen.storyboard in Resources */ = {isa = PBXBuildFile; fileRef = E2CF6CD01EB77BFC007ECE43 /* LaunchScreen.storyboard */; };
		E2CF6CE81EB77BFC007ECE43 /* TwitchListUITests.swift in Sources */ = {isa = PBXBuildFile; fileRef = E2CF6CE71EB77BFC007ECE43 /* TwitchListUITests.swift */; };
		E2FF2F381EC2E840002EDC13 /* PersistService.swift in Sources */ = {isa = PBXBuildFile; fileRef = E2FF2F371EC2E840002EDC13 /* PersistService.swift */; };
/* End PBXBuildFile section */

/* Begin PBXContainerItemProxy section */
		E248C27E1EC2269900F2EB2D /* PBXContainerItemProxy */ = {
			isa = PBXContainerItemProxy;
			containerPortal = E248C2741EC2269900F2EB2D /* ObjectMapper.xcodeproj */;
			proxyType = 2;
			remoteGlobalIDString = 6AAC8F7619F03C2900E7A677;
			remoteInfo = "ObjectMapper-iOS";
		};
		E248C2801EC2269900F2EB2D /* PBXContainerItemProxy */ = {
			isa = PBXContainerItemProxy;
			containerPortal = E248C2741EC2269900F2EB2D /* ObjectMapper.xcodeproj */;
			proxyType = 2;
			remoteGlobalIDString = CD1602FF1AC023D5000CD69A;
			remoteInfo = "ObjectMapper-Mac";
		};
		E248C2821EC2269900F2EB2D /* PBXContainerItemProxy */ = {
			isa = PBXContainerItemProxy;
			containerPortal = E248C2741EC2269900F2EB2D /* ObjectMapper.xcodeproj */;
			proxyType = 2;
			remoteGlobalIDString = 6A2AD03D1B2C78540097E150;
			remoteInfo = "ObjectMapper-watchOS";
		};
		E248C2841EC2269900F2EB2D /* PBXContainerItemProxy */ = {
			isa = PBXContainerItemProxy;
			containerPortal = E248C2741EC2269900F2EB2D /* ObjectMapper.xcodeproj */;
			proxyType = 2;
			remoteGlobalIDString = 6A05B7A61BE274BE00F19B53;
			remoteInfo = "ObjectMapper-tvOS";
		};
		E248C2861EC2269900F2EB2D /* PBXContainerItemProxy */ = {
			isa = PBXContainerItemProxy;
			containerPortal = E248C2741EC2269900F2EB2D /* ObjectMapper.xcodeproj */;
			proxyType = 2;
			remoteGlobalIDString = 6AAC8F8119F03C2900E7A677;
			remoteInfo = "ObjectMapper-iOSTests";
		};
		E248C2881EC2269900F2EB2D /* PBXContainerItemProxy */ = {
			isa = PBXContainerItemProxy;
			containerPortal = E248C2741EC2269900F2EB2D /* ObjectMapper.xcodeproj */;
			proxyType = 2;
			remoteGlobalIDString = CD1603091AC023D6000CD69A;
			remoteInfo = "ObjectMapper-MacTests";
		};
		E248C28A1EC2269900F2EB2D /* PBXContainerItemProxy */ = {
			isa = PBXContainerItemProxy;
			containerPortal = E248C2741EC2269900F2EB2D /* ObjectMapper.xcodeproj */;
			proxyType = 2;
			remoteGlobalIDString = 6A05B7AF1BE274BE00F19B53;
			remoteInfo = "ObjectMapper-tvOSTests";
		};
		E248C2911EC22A8D00F2EB2D /* PBXContainerItemProxy */ = {
			isa = PBXContainerItemProxy;
			containerPortal = E248C2741EC2269900F2EB2D /* ObjectMapper.xcodeproj */;
			proxyType = 1;
			remoteGlobalIDString = 6AAC8F7519F03C2900E7A677;
			remoteInfo = "ObjectMapper-iOS";
		};
		E24EED4E1EC37BF300F719C6 /* PBXContainerItemProxy */ = {
			isa = PBXContainerItemProxy;
			containerPortal = E248C2741EC2269900F2EB2D /* ObjectMapper.xcodeproj */;
			proxyType = 1;
			remoteGlobalIDString = 6AAC8F7519F03C2900E7A677;
			remoteInfo = "ObjectMapper-iOS";
		};
		E2CF6CD91EB77BFC007ECE43 /* PBXContainerItemProxy */ = {
			isa = PBXContainerItemProxy;
			containerPortal = E2CF6CBC1EB77BFC007ECE43 /* Project object */;
			proxyType = 1;
			remoteGlobalIDString = E2CF6CC31EB77BFC007ECE43;
			remoteInfo = TwitchList;
		};
		E2CF6CE41EB77BFC007ECE43 /* PBXContainerItemProxy */ = {
			isa = PBXContainerItemProxy;
			containerPortal = E2CF6CBC1EB77BFC007ECE43 /* Project object */;
			proxyType = 1;
			remoteGlobalIDString = E2CF6CC31EB77BFC007ECE43;
			remoteInfo = TwitchList;
		};
/* End PBXContainerItemProxy section */

/* Begin PBXCopyFilesBuildPhase section */
		E24EED501EC37BF300F719C6 /* Embed Frameworks */ = {
			isa = PBXCopyFilesBuildPhase;
			buildActionMask = 2147483647;
			dstPath = "";
			dstSubfolderSpec = 10;
			files = (
				E24EED4D1EC37BF300F719C6 /* ObjectMapper.framework in Embed Frameworks */,
			);
			name = "Embed Frameworks";
			runOnlyForDeploymentPostprocessing = 0;
		};
/* End PBXCopyFilesBuildPhase section */

/* Begin PBXFileReference section */
		91163F221FA12F25004C6411 /* CoreDataMappable.swift */ = {isa = PBXFileReference; lastKnownFileType = sourcecode.swift; path = CoreDataMappable.swift; sourceTree = "<group>"; };
		91B21EB51FA0EC9500B890E5 /* CoreDataStack.swift */ = {isa = PBXFileReference; lastKnownFileType = sourcecode.swift; path = CoreDataStack.swift; sourceTree = "<group>"; };
		91B21EB81FA0F54C00B890E5 /* GamesModel.xcdatamodel */ = {isa = PBXFileReference; lastKnownFileType = wrapper.xcdatamodel; path = GamesModel.xcdatamodel; sourceTree = "<group>"; };
		E248C25D1EC1F67F00F2EB2D /* Gettable.swift */ = {isa = PBXFileReference; fileEncoding = 4; lastKnownFileType = sourcecode.swift; path = Gettable.swift; sourceTree = "<group>"; };
		E248C25E1EC1F67F00F2EB2D /* NetworkingResult.swift */ = {isa = PBXFileReference; fileEncoding = 4; lastKnownFileType = sourcecode.swift; path = NetworkingResult.swift; sourceTree = "<group>"; };
		E248C2631EC1F69300F2EB2D /* FunkingHelpers.swift */ = {isa = PBXFileReference; fileEncoding = 4; lastKnownFileType = sourcecode.swift; path = FunkingHelpers.swift; sourceTree = "<group>"; };
		E248C2641EC1F69300F2EB2D /* FunkingMethod.swift */ = {isa = PBXFileReference; fileEncoding = 4; lastKnownFileType = sourcecode.swift; path = FunkingMethod.swift; sourceTree = "<group>"; };
		E248C2651EC1F69300F2EB2D /* FunkingRequest.swift */ = {isa = PBXFileReference; fileEncoding = 4; lastKnownFileType = sourcecode.swift; path = FunkingRequest.swift; sourceTree = "<group>"; };
		E248C2661EC1F69300F2EB2D /* FunkingResponse.swift */ = {isa = PBXFileReference; fileEncoding = 4; lastKnownFileType = sourcecode.swift; path = FunkingResponse.swift; sourceTree = "<group>"; };
		E248C2671EC1F69300F2EB2D /* FunkingResult.swift */ = {isa = PBXFileReference; fileEncoding = 4; lastKnownFileType = sourcecode.swift; path = FunkingResult.swift; sourceTree = "<group>"; };
		E248C2681EC1F69300F2EB2D /* FunkTheRest.swift */ = {isa = PBXFileReference; fileEncoding = 4; lastKnownFileType = sourcecode.swift; path = FunkTheRest.swift; sourceTree = "<group>"; };
		E248C26F1EC1FE9C00F2EB2D /* GameListService.swift */ = {isa = PBXFileReference; fileEncoding = 4; lastKnownFileType = sourcecode.swift; path = GameListService.swift; sourceTree = "<group>"; };
		E248C2721EC1FEFF00F2EB2D /* AppConfig.swift */ = {isa = PBXFileReference; fileEncoding = 4; lastKnownFileType = sourcecode.swift; path = AppConfig.swift; sourceTree = "<group>"; };
		E248C2741EC2269900F2EB2D /* ObjectMapper.xcodeproj */ = {isa = PBXFileReference; lastKnownFileType = "wrapper.pb-project"; name = ObjectMapper.xcodeproj; path = ThirdParties/ObjectMapper/ObjectMapper.xcodeproj; sourceTree = "<group>"; };
		E248C28F1EC2290D00F2EB2D /* ImageGroup.swift */ = {isa = PBXFileReference; fileEncoding = 4; lastKnownFileType = sourcecode.swift; path = ImageGroup.swift; sourceTree = "<group>"; };
		E248C2931EC22BE900F2EB2D /* Game.swift */ = {isa = PBXFileReference; fileEncoding = 4; lastKnownFileType = sourcecode.swift; path = Game.swift; sourceTree = "<group>"; };
		E248C2951EC22D6700F2EB2D /* GameInfo.swift */ = {isa = PBXFileReference; fileEncoding = 4; lastKnownFileType = sourcecode.swift; path = GameInfo.swift; sourceTree = "<group>"; };
		E248C2971EC22DEA00F2EB2D /* GameInfoList.swift */ = {isa = PBXFileReference; fileEncoding = 4; lastKnownFileType = sourcecode.swift; path = GameInfoList.swift; sourceTree = "<group>"; };
		E248C2991EC2342800F2EB2D /* EndPointRoute.swift */ = {isa = PBXFileReference; fileEncoding = 4; lastKnownFileType = sourcecode.swift; path = EndPointRoute.swift; sourceTree = "<group>"; };
		E248C2A11EC23AF600F2EB2D /* GameListViewController.swift */ = {isa = PBXFileReference; fileEncoding = 4; lastKnownFileType = sourcecode.swift; path = GameListViewController.swift; sourceTree = "<group>"; };
		E248C2A41EC23B3900F2EB2D /* GameListInterface.swift */ = {isa = PBXFileReference; fileEncoding = 4; lastKnownFileType = sourcecode.swift; path = GameListInterface.swift; sourceTree = "<group>"; };
		E248C2A61EC23B5300F2EB2D /* GameListView.swift */ = {isa = PBXFileReference; fileEncoding = 4; lastKnownFileType = sourcecode.swift; path = GameListView.swift; sourceTree = "<group>"; };
		E248C2A81EC23DF900F2EB2D /* GameListIO.swift */ = {isa = PBXFileReference; fileEncoding = 4; lastKnownFileType = sourcecode.swift; path = GameListIO.swift; sourceTree = "<group>"; };
		E248C2AA1EC23ECC00F2EB2D /* GameListConfigurator.swift */ = {isa = PBXFileReference; fileEncoding = 4; lastKnownFileType = sourcecode.swift; path = GameListConfigurator.swift; sourceTree = "<group>"; };
		E248C2AD1EC2418800F2EB2D /* GameCell.swift */ = {isa = PBXFileReference; fileEncoding = 4; lastKnownFileType = sourcecode.swift; path = GameCell.swift; sourceTree = "<group>"; };
		E248C2AE1EC2418800F2EB2D /* GameCell.xib */ = {isa = PBXFileReference; fileEncoding = 4; lastKnownFileType = file.xib; path = GameCell.xib; sourceTree = "<group>"; };
		E248C2B11EC2473E00F2EB2D /* GameListPresenter.swift */ = {isa = PBXFileReference; fileEncoding = 4; lastKnownFileType = sourcecode.swift; path = GameListPresenter.swift; sourceTree = "<group>"; };
		E248C2B31EC2487800F2EB2D /* GameListDefaultInteractor.swift */ = {isa = PBXFileReference; fileEncoding = 4; lastKnownFileType = sourcecode.swift; path = GameListDefaultInteractor.swift; sourceTree = "<group>"; };
		E248C2B81EC2606800F2EB2D /* GameDetailViewController.swift */ = {isa = PBXFileReference; fileEncoding = 4; lastKnownFileType = sourcecode.swift; path = GameDetailViewController.swift; sourceTree = "<group>"; };
		E248C2BB1EC260DB00F2EB2D /* GameDetailView.swift */ = {isa = PBXFileReference; fileEncoding = 4; lastKnownFileType = sourcecode.swift; path = GameDetailView.swift; sourceTree = "<group>"; };
		E248C2BD1EC260E600F2EB2D /* GameDetailInterface.swift */ = {isa = PBXFileReference; fileEncoding = 4; lastKnownFileType = sourcecode.swift; path = GameDetailInterface.swift; sourceTree = "<group>"; };
		E248C2BF1EC268C600F2EB2D /* GameDetailPresenter.swift */ = {isa = PBXFileReference; fileEncoding = 4; lastKnownFileType = sourcecode.swift; path = GameDetailPresenter.swift; sourceTree = "<group>"; };
		E248C2C11EC269B900F2EB2D /* GameListWireframe.swift */ = {isa = PBXFileReference; fileEncoding = 4; lastKnownFileType = sourcecode.swift; path = GameListWireframe.swift; sourceTree = "<group>"; };
		E248C2C31EC26A0600F2EB2D /* GameListRouter.swift */ = {isa = PBXFileReference; fileEncoding = 4; lastKnownFileType = sourcecode.swift; path = GameListRouter.swift; sourceTree = "<group>"; };
		E248C2C51EC2A39F00F2EB2D /* GameDetailConfiguration.swift */ = {isa = PBXFileReference; fileEncoding = 4; lastKnownFileType = sourcecode.swift; path = GameDetailConfiguration.swift; sourceTree = "<group>"; };
		E248C2CA1EC2AA6C00F2EB2D /* ImageDownloadService.swift */ = {isa = PBXFileReference; fileEncoding = 4; lastKnownFileType = sourcecode.swift; path = ImageDownloadService.swift; sourceTree = "<group>"; };
		E248C2CD1EC2AB4100F2EB2D /* HttpStatusCode.swift */ = {isa = PBXFileReference; fileEncoding = 4; lastKnownFileType = sourcecode.swift; path = HttpStatusCode.swift; sourceTree = "<group>"; };
		E248C2D01EC2B6A000F2EB2D /* GameScreenViewController.swift */ = {isa = PBXFileReference; fileEncoding = 4; lastKnownFileType = sourcecode.swift; path = GameScreenViewController.swift; sourceTree = "<group>"; };
		E24EED561EC3A68800F719C6 /* PersistServiceTest.swift */ = {isa = PBXFileReference; fileEncoding = 4; lastKnownFileType = sourcecode.swift; path = PersistServiceTest.swift; sourceTree = "<group>"; };
		E24EED581EC3A93600F719C6 /* GameDetailViewControllerTests.swift */ = {isa = PBXFileReference; fileEncoding = 4; lastKnownFileType = sourcecode.swift; path = GameDetailViewControllerTests.swift; sourceTree = "<group>"; };
		E2CF6CC41EB77BFC007ECE43 /* TwitchList.app */ = {isa = PBXFileReference; explicitFileType = wrapper.application; includeInIndex = 0; path = TwitchList.app; sourceTree = BUILT_PRODUCTS_DIR; };
		E2CF6CC71EB77BFC007ECE43 /* AppDelegate.swift */ = {isa = PBXFileReference; lastKnownFileType = sourcecode.swift; path = AppDelegate.swift; sourceTree = "<group>"; };
		E2CF6CCC1EB77BFC007ECE43 /* Base */ = {isa = PBXFileReference; lastKnownFileType = file.storyboard; name = Base; path = Base.lproj/Main.storyboard; sourceTree = "<group>"; };
		E2CF6CCE1EB77BFC007ECE43 /* Assets.xcassets */ = {isa = PBXFileReference; lastKnownFileType = folder.assetcatalog; path = Assets.xcassets; sourceTree = "<group>"; };
		E2CF6CD11EB77BFC007ECE43 /* Base */ = {isa = PBXFileReference; lastKnownFileType = file.storyboard; name = Base; path = Base.lproj/LaunchScreen.storyboard; sourceTree = "<group>"; };
		E2CF6CD31EB77BFC007ECE43 /* Info.plist */ = {isa = PBXFileReference; lastKnownFileType = text.plist.xml; path = Info.plist; sourceTree = "<group>"; };
		E2CF6CD81EB77BFC007ECE43 /* TwitchListTests.xctest */ = {isa = PBXFileReference; explicitFileType = wrapper.cfbundle; includeInIndex = 0; path = TwitchListTests.xctest; sourceTree = BUILT_PRODUCTS_DIR; };
		E2CF6CDE1EB77BFC007ECE43 /* Info.plist */ = {isa = PBXFileReference; lastKnownFileType = text.plist.xml; path = Info.plist; sourceTree = "<group>"; };
		E2CF6CE31EB77BFC007ECE43 /* TwitchListUITests.xctest */ = {isa = PBXFileReference; explicitFileType = wrapper.cfbundle; includeInIndex = 0; path = TwitchListUITests.xctest; sourceTree = BUILT_PRODUCTS_DIR; };
		E2CF6CE71EB77BFC007ECE43 /* TwitchListUITests.swift */ = {isa = PBXFileReference; lastKnownFileType = sourcecode.swift; path = TwitchListUITests.swift; sourceTree = "<group>"; };
		E2CF6CE91EB77BFC007ECE43 /* Info.plist */ = {isa = PBXFileReference; lastKnownFileType = text.plist.xml; path = Info.plist; sourceTree = "<group>"; };
		E2FF2F371EC2E840002EDC13 /* PersistService.swift */ = {isa = PBXFileReference; fileEncoding = 4; lastKnownFileType = sourcecode.swift; path = PersistService.swift; sourceTree = "<group>"; };
		E2FF2F3B1EC35C65002EDC13 /* TwitchListTests-Bridging-Header.h */ = {isa = PBXFileReference; lastKnownFileType = sourcecode.c.h; path = "TwitchListTests-Bridging-Header.h"; sourceTree = "<group>"; };
/* End PBXFileReference section */

/* Begin PBXFrameworksBuildPhase section */
		E2CF6CC11EB77BFC007ECE43 /* Frameworks */ = {
			isa = PBXFrameworksBuildPhase;
			buildActionMask = 2147483647;
			files = (
				E24EED4C1EC37BF300F719C6 /* ObjectMapper.framework in Frameworks */,
			);
			runOnlyForDeploymentPostprocessing = 0;
		};
		E2CF6CD51EB77BFC007ECE43 /* Frameworks */ = {
			isa = PBXFrameworksBuildPhase;
			buildActionMask = 2147483647;
			files = (
			);
			runOnlyForDeploymentPostprocessing = 0;
		};
		E2CF6CE01EB77BFC007ECE43 /* Frameworks */ = {
			isa = PBXFrameworksBuildPhase;
			buildActionMask = 2147483647;
			files = (
			);
			runOnlyForDeploymentPostprocessing = 0;
		};
/* End PBXFrameworksBuildPhase section */

/* Begin PBXGroup section */
		918ABD491FA12DAA003BA266 /* Protocol */ = {
			isa = PBXGroup;
			children = (
				91163F221FA12F25004C6411 /* CoreDataMappable.swift */,
			);
			path = Protocol;
			sourceTree = "<group>";
		};
		91B21EAE1FA0EC7C00B890E5 /* CoreData */ = {
			isa = PBXGroup;
			children = (
				91B21EB51FA0EC9500B890E5 /* CoreDataStack.swift */,
				91B21EB71FA0F54C00B890E5 /* GamesModel.xcdatamodeld */,
			);
			path = CoreData;
			sourceTree = "<group>";
		};
		E248C2551EC0EB3F00F2EB2D /* Networking */ = {
			isa = PBXGroup;
			children = (
				E248C2631EC1F69300F2EB2D /* FunkingHelpers.swift */,
				E248C2641EC1F69300F2EB2D /* FunkingMethod.swift */,
				E248C2651EC1F69300F2EB2D /* FunkingRequest.swift */,
				E248C2661EC1F69300F2EB2D /* FunkingResponse.swift */,
				E248C2671EC1F69300F2EB2D /* FunkingResult.swift */,
				E248C2681EC1F69300F2EB2D /* FunkTheRest.swift */,
			);
			path = Networking;
			sourceTree = "<group>";
		};
		E248C25C1EC1F2EA00F2EB2D /* Rest */ = {
			isa = PBXGroup;
			children = (
				E248C25D1EC1F67F00F2EB2D /* Gettable.swift */,
				E248C25E1EC1F67F00F2EB2D /* NetworkingResult.swift */,
				E248C26F1EC1FE9C00F2EB2D /* GameListService.swift */,
				E248C2991EC2342800F2EB2D /* EndPointRoute.swift */,
				E248C2CA1EC2AA6C00F2EB2D /* ImageDownloadService.swift */,
				E2FF2F371EC2E840002EDC13 /* PersistService.swift */,
			);
			path = Rest;
			sourceTree = "<group>";
		};
		E248C2711EC1FEE600F2EB2D /* Config */ = {
			isa = PBXGroup;
			children = (
				E248C2721EC1FEFF00F2EB2D /* AppConfig.swift */,
			);
			path = Config;
			sourceTree = "<group>";
		};
		E248C2751EC2269900F2EB2D /* Products */ = {
			isa = PBXGroup;
			children = (
				E248C27F1EC2269900F2EB2D /* ObjectMapper.framework */,
				E248C2811EC2269900F2EB2D /* ObjectMapper.framework */,
				E248C2831EC2269900F2EB2D /* ObjectMapper.framework */,
				E248C2851EC2269900F2EB2D /* ObjectMapper.framework */,
				E248C2871EC2269900F2EB2D /* ObjectMapper-iOSTests.xctest */,
				E248C2891EC2269900F2EB2D /* ObjectMapper-MacTests.xctest */,
				E248C28B1EC2269900F2EB2D /* ObjectMapper-tvOSTests.xctest */,
			);
			name = Products;
			sourceTree = "<group>";
		};
		E248C28D1EC226BA00F2EB2D /* ThirdParties */ = {
			isa = PBXGroup;
			children = (
				E248C2741EC2269900F2EB2D /* ObjectMapper.xcodeproj */,
			);
			name = ThirdParties;
			sourceTree = "<group>";
		};
		E248C28E1EC2287500F2EB2D /* Models */ = {
			isa = PBXGroup;
			children = (
				E248C28F1EC2290D00F2EB2D /* ImageGroup.swift */,
				E248C2931EC22BE900F2EB2D /* Game.swift */,
				E248C2951EC22D6700F2EB2D /* GameInfo.swift */,
				E248C2971EC22DEA00F2EB2D /* GameInfoList.swift */,
			);
			path = Models;
			sourceTree = "<group>";
		};
		E248C29B1EC2387200F2EB2D /* GameList */ = {
			isa = PBXGroup;
			children = (
				E248C2AC1EC2416800F2EB2D /* Cell */,
				E248C2A31EC23B1900F2EB2D /* Protocols */,
				E248C2A11EC23AF600F2EB2D /* GameListViewController.swift */,
				E248C2B11EC2473E00F2EB2D /* GameListPresenter.swift */,
				E248C2C31EC26A0600F2EB2D /* GameListRouter.swift */,
				E248C2B31EC2487800F2EB2D /* GameListDefaultInteractor.swift */,
				E248C2AA1EC23ECC00F2EB2D /* GameListConfigurator.swift */,
			);
			path = GameList;
			sourceTree = "<group>";
		};
		E248C2A31EC23B1900F2EB2D /* Protocols */ = {
			isa = PBXGroup;
			children = (
				E248C2A41EC23B3900F2EB2D /* GameListInterface.swift */,
				E248C2A61EC23B5300F2EB2D /* GameListView.swift */,
				E248C2A81EC23DF900F2EB2D /* GameListIO.swift */,
				E248C2C11EC269B900F2EB2D /* GameListWireframe.swift */,
			);
			path = Protocols;
			sourceTree = "<group>";
		};
		E248C2AC1EC2416800F2EB2D /* Cell */ = {
			isa = PBXGroup;
			children = (
				E248C2AD1EC2418800F2EB2D /* GameCell.swift */,
				E248C2AE1EC2418800F2EB2D /* GameCell.xib */,
			);
			path = Cell;
			sourceTree = "<group>";
		};
		E248C2B51EC25C6700F2EB2D /* GameDetail */ = {
			isa = PBXGroup;
			children = (
				E248C2BA1EC260BB00F2EB2D /* Protocols */,
				E248C2B81EC2606800F2EB2D /* GameDetailViewController.swift */,
				E248C2C51EC2A39F00F2EB2D /* GameDetailConfiguration.swift */,
				E248C2BF1EC268C600F2EB2D /* GameDetailPresenter.swift */,
			);
			path = GameDetail;
			sourceTree = "<group>";
		};
		E248C2BA1EC260BB00F2EB2D /* Protocols */ = {
			isa = PBXGroup;
			children = (
				E248C2BB1EC260DB00F2EB2D /* GameDetailView.swift */,
				E248C2BD1EC260E600F2EB2D /* GameDetailInterface.swift */,
			);
			path = Protocols;
			sourceTree = "<group>";
		};
		E248C2CC1EC2AB1B00F2EB2D /* Enumeration */ = {
			isa = PBXGroup;
			children = (
				E248C2CD1EC2AB4100F2EB2D /* HttpStatusCode.swift */,
			);
			path = Enumeration;
			sourceTree = "<group>";
		};
		E248C2CF1EC2B66700F2EB2D /* GameScreen */ = {
			isa = PBXGroup;
			children = (
				E248C2D01EC2B6A000F2EB2D /* GameScreenViewController.swift */,
			);
			path = GameScreen;
			sourceTree = "<group>";
		};
		E24EED531EC37DB700F719C6 /* MockedData */ = {
			isa = PBXGroup;
			children = (
			);
			path = MockedData;
			sourceTree = "<group>";
		};
		E24EED541EC3A64B00F719C6 /* Common */ = {
			isa = PBXGroup;
			children = (
				E24EED551EC3A66200F719C6 /* Rest */,
			);
			path = Common;
			sourceTree = "<group>";
		};
		E24EED551EC3A66200F719C6 /* Rest */ = {
			isa = PBXGroup;
			children = (
				E24EED561EC3A68800F719C6 /* PersistServiceTest.swift */,
			);
			path = Rest;
			sourceTree = "<group>";
		};
		E2CF6CBB1EB77BFB007ECE43 = {
			isa = PBXGroup;
			children = (
				E248C28D1EC226BA00F2EB2D /* ThirdParties */,
				E2CF6CC61EB77BFC007ECE43 /* TwitchList */,
				E2CF6CDB1EB77BFC007ECE43 /* TwitchListTests */,
				E2CF6CE61EB77BFC007ECE43 /* TwitchListUITests */,
				E2CF6CC51EB77BFC007ECE43 /* Products */,
			);
			sourceTree = "<group>";
		};
		E2CF6CC51EB77BFC007ECE43 /* Products */ = {
			isa = PBXGroup;
			children = (
				E2CF6CC41EB77BFC007ECE43 /* TwitchList.app */,
				E2CF6CD81EB77BFC007ECE43 /* TwitchListTests.xctest */,
				E2CF6CE31EB77BFC007ECE43 /* TwitchListUITests.xctest */,
			);
			name = Products;
			sourceTree = "<group>";
		};
		E2CF6CC61EB77BFC007ECE43 /* TwitchList */ = {
			isa = PBXGroup;
			children = (
				E2F346401EB77E36001036F2 /* Common */,
				E2F3463F1EB77E2D001036F2 /* Modules */,
				E2CF6CC71EB77BFC007ECE43 /* AppDelegate.swift */,
				E2CF6CCB1EB77BFC007ECE43 /* Main.storyboard */,
				E2CF6CCE1EB77BFC007ECE43 /* Assets.xcassets */,
				E2CF6CD01EB77BFC007ECE43 /* LaunchScreen.storyboard */,
				E2CF6CD31EB77BFC007ECE43 /* Info.plist */,
			);
			path = TwitchList;
			sourceTree = "<group>";
		};
		E2CF6CDB1EB77BFC007ECE43 /* TwitchListTests */ = {
			isa = PBXGroup;
			children = (
				E24EED541EC3A64B00F719C6 /* Common */,
				E24EED531EC37DB700F719C6 /* MockedData */,
				E2FF2F391EC35BEA002EDC13 /* Modules */,
				E2CF6CDE1EB77BFC007ECE43 /* Info.plist */,
			);
			path = TwitchListTests;
			sourceTree = "<group>";
		};
		E2CF6CE61EB77BFC007ECE43 /* TwitchListUITests */ = {
			isa = PBXGroup;
			children = (
				E2CF6CE71EB77BFC007ECE43 /* TwitchListUITests.swift */,
				E2CF6CE91EB77BFC007ECE43 /* Info.plist */,
			);
			path = TwitchListUITests;
			sourceTree = "<group>";
		};
		E2F3463F1EB77E2D001036F2 /* Modules */ = {
			isa = PBXGroup;
			children = (
				E248C2CF1EC2B66700F2EB2D /* GameScreen */,
				E248C2B51EC25C6700F2EB2D /* GameDetail */,
				E248C29B1EC2387200F2EB2D /* GameList */,
			);
			path = Modules;
			sourceTree = "<group>";
		};
		E2F346401EB77E36001036F2 /* Common */ = {
			isa = PBXGroup;
			children = (
				918ABD491FA12DAA003BA266 /* Protocol */,
				91B21EAE1FA0EC7C00B890E5 /* CoreData */,
				E248C2CC1EC2AB1B00F2EB2D /* Enumeration */,
				E248C2711EC1FEE600F2EB2D /* Config */,
				E248C28E1EC2287500F2EB2D /* Models */,
				E248C2551EC0EB3F00F2EB2D /* Networking */,
				E248C25C1EC1F2EA00F2EB2D /* Rest */,
			);
			path = Common;
			sourceTree = "<group>";
		};
		E2FF2F391EC35BEA002EDC13 /* Modules */ = {
			isa = PBXGroup;
			children = (
				E2FF2F3A1EC35C10002EDC13 /* GameDetail */,
			);
			path = Modules;
			sourceTree = "<group>";
		};
		E2FF2F3A1EC35C10002EDC13 /* GameDetail */ = {
			isa = PBXGroup;
			children = (
				E24EED581EC3A93600F719C6 /* GameDetailViewControllerTests.swift */,
				E2FF2F3B1EC35C65002EDC13 /* TwitchListTests-Bridging-Header.h */,
			);
			path = GameDetail;
			sourceTree = "<group>";
		};
/* End PBXGroup section */

/* Begin PBXNativeTarget section */
		E2CF6CC31EB77BFC007ECE43 /* TwitchList */ = {
			isa = PBXNativeTarget;
			buildConfigurationList = E2CF6CEC1EB77BFC007ECE43 /* Build configuration list for PBXNativeTarget "TwitchList" */;
			buildPhases = (
				E2CF6CC01EB77BFC007ECE43 /* Sources */,
				E2CF6CC11EB77BFC007ECE43 /* Frameworks */,
				E2CF6CC21EB77BFC007ECE43 /* Resources */,
				E24EED501EC37BF300F719C6 /* Embed Frameworks */,
			);
			buildRules = (
			);
			dependencies = (
				E248C2921EC22A8D00F2EB2D /* PBXTargetDependency */,
				E24EED4F1EC37BF300F719C6 /* PBXTargetDependency */,
			);
			name = TwitchList;
			productName = TwitchList;
			productReference = E2CF6CC41EB77BFC007ECE43 /* TwitchList.app */;
			productType = "com.apple.product-type.application";
		};
		E2CF6CD71EB77BFC007ECE43 /* TwitchListTests */ = {
			isa = PBXNativeTarget;
			buildConfigurationList = E2CF6CEF1EB77BFC007ECE43 /* Build configuration list for PBXNativeTarget "TwitchListTests" */;
			buildPhases = (
				E2CF6CD41EB77BFC007ECE43 /* Sources */,
				E2CF6CD51EB77BFC007ECE43 /* Frameworks */,
				E2CF6CD61EB77BFC007ECE43 /* Resources */,
			);
			buildRules = (
			);
			dependencies = (
				E2CF6CDA1EB77BFC007ECE43 /* PBXTargetDependency */,
			);
			name = TwitchListTests;
			productName = TwitchListTests;
			productReference = E2CF6CD81EB77BFC007ECE43 /* TwitchListTests.xctest */;
			productType = "com.apple.product-type.bundle.unit-test";
		};
		E2CF6CE21EB77BFC007ECE43 /* TwitchListUITests */ = {
			isa = PBXNativeTarget;
			buildConfigurationList = E2CF6CF21EB77BFC007ECE43 /* Build configuration list for PBXNativeTarget "TwitchListUITests" */;
			buildPhases = (
				E2CF6CDF1EB77BFC007ECE43 /* Sources */,
				E2CF6CE01EB77BFC007ECE43 /* Frameworks */,
				E2CF6CE11EB77BFC007ECE43 /* Resources */,
			);
			buildRules = (
			);
			dependencies = (
				E2CF6CE51EB77BFC007ECE43 /* PBXTargetDependency */,
			);
			name = TwitchListUITests;
			productName = TwitchListUITests;
			productReference = E2CF6CE31EB77BFC007ECE43 /* TwitchListUITests.xctest */;
			productType = "com.apple.product-type.bundle.ui-testing";
		};
/* End PBXNativeTarget section */

/* Begin PBXProject section */
		E2CF6CBC1EB77BFC007ECE43 /* Project object */ = {
			isa = PBXProject;
			attributes = {
				LastSwiftUpdateCheck = 0830;
				LastUpgradeCheck = 0830;
				ORGANIZATIONNAME = dede.exe;
				TargetAttributes = {
					E2CF6CC31EB77BFC007ECE43 = {
						CreatedOnToolsVersion = 8.3.2;
						DevelopmentTeam = SD6HQTT68J;
						ProvisioningStyle = Automatic;
					};
					E2CF6CD71EB77BFC007ECE43 = {
						CreatedOnToolsVersion = 8.3.2;
						LastSwiftMigration = 0830;
						ProvisioningStyle = Automatic;
						TestTargetID = E2CF6CC31EB77BFC007ECE43;
					};
					E2CF6CE21EB77BFC007ECE43 = {
						CreatedOnToolsVersion = 8.3.2;
						ProvisioningStyle = Automatic;
						TestTargetID = E2CF6CC31EB77BFC007ECE43;
					};
				};
			};
			buildConfigurationList = E2CF6CBF1EB77BFC007ECE43 /* Build configuration list for PBXProject "TwitchList" */;
			compatibilityVersion = "Xcode 3.2";
			developmentRegion = English;
			hasScannedForEncodings = 0;
			knownRegions = (
				en,
				Base,
			);
			mainGroup = E2CF6CBB1EB77BFB007ECE43;
			productRefGroup = E2CF6CC51EB77BFC007ECE43 /* Products */;
			projectDirPath = "";
			projectReferences = (
				{
					ProductGroup = E248C2751EC2269900F2EB2D /* Products */;
					ProjectRef = E248C2741EC2269900F2EB2D /* ObjectMapper.xcodeproj */;
				},
			);
			projectRoot = "";
			targets = (
				E2CF6CC31EB77BFC007ECE43 /* TwitchList */,
				E2CF6CD71EB77BFC007ECE43 /* TwitchListTests */,
				E2CF6CE21EB77BFC007ECE43 /* TwitchListUITests */,
			);
		};
/* End PBXProject section */

/* Begin PBXReferenceProxy section */
		E248C27F1EC2269900F2EB2D /* ObjectMapper.framework */ = {
			isa = PBXReferenceProxy;
			fileType = wrapper.framework;
			path = ObjectMapper.framework;
			remoteRef = E248C27E1EC2269900F2EB2D /* PBXContainerItemProxy */;
			sourceTree = BUILT_PRODUCTS_DIR;
		};
		E248C2811EC2269900F2EB2D /* ObjectMapper.framework */ = {
			isa = PBXReferenceProxy;
			fileType = wrapper.framework;
			path = ObjectMapper.framework;
			remoteRef = E248C2801EC2269900F2EB2D /* PBXContainerItemProxy */;
			sourceTree = BUILT_PRODUCTS_DIR;
		};
		E248C2831EC2269900F2EB2D /* ObjectMapper.framework */ = {
			isa = PBXReferenceProxy;
			fileType = wrapper.framework;
			path = ObjectMapper.framework;
			remoteRef = E248C2821EC2269900F2EB2D /* PBXContainerItemProxy */;
			sourceTree = BUILT_PRODUCTS_DIR;
		};
		E248C2851EC2269900F2EB2D /* ObjectMapper.framework */ = {
			isa = PBXReferenceProxy;
			fileType = wrapper.framework;
			path = ObjectMapper.framework;
			remoteRef = E248C2841EC2269900F2EB2D /* PBXContainerItemProxy */;
			sourceTree = BUILT_PRODUCTS_DIR;
		};
		E248C2871EC2269900F2EB2D /* ObjectMapper-iOSTests.xctest */ = {
			isa = PBXReferenceProxy;
			fileType = wrapper.cfbundle;
			path = "ObjectMapper-iOSTests.xctest";
			remoteRef = E248C2861EC2269900F2EB2D /* PBXContainerItemProxy */;
			sourceTree = BUILT_PRODUCTS_DIR;
		};
		E248C2891EC2269900F2EB2D /* ObjectMapper-MacTests.xctest */ = {
			isa = PBXReferenceProxy;
			fileType = wrapper.cfbundle;
			path = "ObjectMapper-MacTests.xctest";
			remoteRef = E248C2881EC2269900F2EB2D /* PBXContainerItemProxy */;
			sourceTree = BUILT_PRODUCTS_DIR;
		};
		E248C28B1EC2269900F2EB2D /* ObjectMapper-tvOSTests.xctest */ = {
			isa = PBXReferenceProxy;
			fileType = wrapper.cfbundle;
			path = "ObjectMapper-tvOSTests.xctest";
			remoteRef = E248C28A1EC2269900F2EB2D /* PBXContainerItemProxy */;
			sourceTree = BUILT_PRODUCTS_DIR;
		};
/* End PBXReferenceProxy section */

/* Begin PBXResourcesBuildPhase section */
		E2CF6CC21EB77BFC007ECE43 /* Resources */ = {
			isa = PBXResourcesBuildPhase;
			buildActionMask = 2147483647;
			files = (
				E2CF6CD21EB77BFC007ECE43 /* LaunchScreen.storyboard in Resources */,
				E2CF6CCF1EB77BFC007ECE43 /* Assets.xcassets in Resources */,
				E2CF6CCD1EB77BFC007ECE43 /* Main.storyboard in Resources */,
				E248C2B01EC2418800F2EB2D /* GameCell.xib in Resources */,
			);
			runOnlyForDeploymentPostprocessing = 0;
		};
		E2CF6CD61EB77BFC007ECE43 /* Resources */ = {
			isa = PBXResourcesBuildPhase;
			buildActionMask = 2147483647;
			files = (
			);
			runOnlyForDeploymentPostprocessing = 0;
		};
		E2CF6CE11EB77BFC007ECE43 /* Resources */ = {
			isa = PBXResourcesBuildPhase;
			buildActionMask = 2147483647;
			files = (
			);
			runOnlyForDeploymentPostprocessing = 0;
		};
/* End PBXResourcesBuildPhase section */

/* Begin PBXSourcesBuildPhase section */
		E2CF6CC01EB77BFC007ECE43 /* Sources */ = {
			isa = PBXSourcesBuildPhase;
			buildActionMask = 2147483647;
			files = (
				E248C2611EC1F67F00F2EB2D /* NetworkingResult.swift in Sources */,
				E248C2941EC22BE900F2EB2D /* Game.swift in Sources */,
				E248C2C21EC269B900F2EB2D /* GameListWireframe.swift in Sources */,
				91B21EB61FA0EC9500B890E5 /* CoreDataStack.swift in Sources */,
				E248C2AB1EC23ECC00F2EB2D /* GameListConfigurator.swift in Sources */,
				E248C2A51EC23B3900F2EB2D /* GameListInterface.swift in Sources */,
				E248C2B21EC2473E00F2EB2D /* GameListPresenter.swift in Sources */,
				E248C2901EC2290D00F2EB2D /* ImageGroup.swift in Sources */,
				E248C26C1EC1F69300F2EB2D /* FunkingResponse.swift in Sources */,
				E248C2A21EC23AF600F2EB2D /* GameListViewController.swift in Sources */,
				E248C26A1EC1F69300F2EB2D /* FunkingMethod.swift in Sources */,
				91B21EB91FA0F54C00B890E5 /* GamesModel.xcdatamodeld in Sources */,
				E248C2601EC1F67F00F2EB2D /* Gettable.swift in Sources */,
				E2CF6CC81EB77BFC007ECE43 /* AppDelegate.swift in Sources */,
				E248C2A91EC23DF900F2EB2D /* GameListIO.swift in Sources */,
				E248C2A71EC23B5300F2EB2D /* GameListView.swift in Sources */,
				E248C2BE1EC260E600F2EB2D /* GameDetailInterface.swift in Sources */,
				E248C2D11EC2B6A000F2EB2D /* GameScreenViewController.swift in Sources */,
				91163F231FA12F25004C6411 /* CoreDataMappable.swift in Sources */,
				E248C2691EC1F69300F2EB2D /* FunkingHelpers.swift in Sources */,
				E248C2BC1EC260DB00F2EB2D /* GameDetailView.swift in Sources */,
				E248C2701EC1FE9C00F2EB2D /* GameListService.swift in Sources */,
				E248C2C41EC26A0600F2EB2D /* GameListRouter.swift in Sources */,
				E248C2B41EC2487800F2EB2D /* GameListDefaultInteractor.swift in Sources */,
				E248C26D1EC1F69300F2EB2D /* FunkingResult.swift in Sources */,
				E248C29A1EC2342800F2EB2D /* EndPointRoute.swift in Sources */,
				E248C2961EC22D6700F2EB2D /* GameInfo.swift in Sources */,
				E248C2731EC1FEFF00F2EB2D /* AppConfig.swift in Sources */,
				E248C2CB1EC2AA6C00F2EB2D /* ImageDownloadService.swift in Sources */,
				E2FF2F381EC2E840002EDC13 /* PersistService.swift in Sources */,
				E248C2AF1EC2418800F2EB2D /* GameCell.swift in Sources */,
				E248C26B1EC1F69300F2EB2D /* FunkingRequest.swift in Sources */,
				E248C26E1EC1F69300F2EB2D /* FunkTheRest.swift in Sources */,
				E248C2C01EC268C600F2EB2D /* GameDetailPresenter.swift in Sources */,
				E248C2C61EC2A39F00F2EB2D /* GameDetailConfiguration.swift in Sources */,
				E248C2981EC22DEA00F2EB2D /* GameInfoList.swift in Sources */,
				E248C2B91EC2606800F2EB2D /* GameDetailViewController.swift in Sources */,
				E248C2CE1EC2AB4100F2EB2D /* HttpStatusCode.swift in Sources */,
			);
			runOnlyForDeploymentPostprocessing = 0;
		};
		E2CF6CD41EB77BFC007ECE43 /* Sources */ = {
			isa = PBXSourcesBuildPhase;
			buildActionMask = 2147483647;
			files = (
				E24EED571EC3A68800F719C6 /* PersistServiceTest.swift in Sources */,
				E24EED591EC3A93600F719C6 /* GameDetailViewControllerTests.swift in Sources */,
			);
			runOnlyForDeploymentPostprocessing = 0;
		};
		E2CF6CDF1EB77BFC007ECE43 /* Sources */ = {
			isa = PBXSourcesBuildPhase;
			buildActionMask = 2147483647;
			files = (
				E2CF6CE81EB77BFC007ECE43 /* TwitchListUITests.swift in Sources */,
			);
			runOnlyForDeploymentPostprocessing = 0;
		};
/* End PBXSourcesBuildPhase section */

/* Begin PBXTargetDependency section */
		E248C2921EC22A8D00F2EB2D /* PBXTargetDependency */ = {
			isa = PBXTargetDependency;
			name = "ObjectMapper-iOS";
			targetProxy = E248C2911EC22A8D00F2EB2D /* PBXContainerItemProxy */;
		};
		E24EED4F1EC37BF300F719C6 /* PBXTargetDependency */ = {
			isa = PBXTargetDependency;
			name = "ObjectMapper-iOS";
			targetProxy = E24EED4E1EC37BF300F719C6 /* PBXContainerItemProxy */;
		};
		E2CF6CDA1EB77BFC007ECE43 /* PBXTargetDependency */ = {
			isa = PBXTargetDependency;
			target = E2CF6CC31EB77BFC007ECE43 /* TwitchList */;
			targetProxy = E2CF6CD91EB77BFC007ECE43 /* PBXContainerItemProxy */;
		};
		E2CF6CE51EB77BFC007ECE43 /* PBXTargetDependency */ = {
			isa = PBXTargetDependency;
			target = E2CF6CC31EB77BFC007ECE43 /* TwitchList */;
			targetProxy = E2CF6CE41EB77BFC007ECE43 /* PBXContainerItemProxy */;
		};
/* End PBXTargetDependency section */

/* Begin PBXVariantGroup section */
		E2CF6CCB1EB77BFC007ECE43 /* Main.storyboard */ = {
			isa = PBXVariantGroup;
			children = (
				E2CF6CCC1EB77BFC007ECE43 /* Base */,
			);
			name = Main.storyboard;
			sourceTree = "<group>";
		};
		E2CF6CD01EB77BFC007ECE43 /* LaunchScreen.storyboard */ = {
			isa = PBXVariantGroup;
			children = (
				E2CF6CD11EB77BFC007ECE43 /* Base */,
			);
			name = LaunchScreen.storyboard;
			sourceTree = "<group>";
		};
/* End PBXVariantGroup section */

/* Begin XCBuildConfiguration section */
		E2CF6CEA1EB77BFC007ECE43 /* Debug */ = {
			isa = XCBuildConfiguration;
			buildSettings = {
				ALWAYS_SEARCH_USER_PATHS = NO;
				CLANG_ANALYZER_NONNULL = YES;
				CLANG_ANALYZER_NUMBER_OBJECT_CONVERSION = YES_AGGRESSIVE;
				CLANG_CXX_LANGUAGE_STANDARD = "gnu++0x";
				CLANG_CXX_LIBRARY = "libc++";
				CLANG_ENABLE_MODULES = YES;
				CLANG_ENABLE_OBJC_ARC = YES;
				CLANG_WARN_BOOL_CONVERSION = YES;
				CLANG_WARN_CONSTANT_CONVERSION = YES;
				CLANG_WARN_DIRECT_OBJC_ISA_USAGE = YES_ERROR;
				CLANG_WARN_DOCUMENTATION_COMMENTS = YES;
				CLANG_WARN_EMPTY_BODY = YES;
				CLANG_WARN_ENUM_CONVERSION = YES;
				CLANG_WARN_INFINITE_RECURSION = YES;
				CLANG_WARN_INT_CONVERSION = YES;
				CLANG_WARN_OBJC_ROOT_CLASS = YES_ERROR;
				CLANG_WARN_SUSPICIOUS_MOVE = YES;
				CLANG_WARN_UNREACHABLE_CODE = YES;
				CLANG_WARN__DUPLICATE_METHOD_MATCH = YES;
				"CODE_SIGN_IDENTITY[sdk=iphoneos*]" = "iPhone Developer";
				COPY_PHASE_STRIP = NO;
				DEBUG_INFORMATION_FORMAT = dwarf;
				ENABLE_STRICT_OBJC_MSGSEND = YES;
				ENABLE_TESTABILITY = YES;
				GCC_C_LANGUAGE_STANDARD = gnu99;
				GCC_DYNAMIC_NO_PIC = NO;
				GCC_NO_COMMON_BLOCKS = YES;
				GCC_OPTIMIZATION_LEVEL = 0;
				GCC_PREPROCESSOR_DEFINITIONS = (
					"DEBUG=1",
					"$(inherited)",
				);
				GCC_WARN_64_TO_32_BIT_CONVERSION = YES;
				GCC_WARN_ABOUT_RETURN_TYPE = YES_ERROR;
				GCC_WARN_UNDECLARED_SELECTOR = YES;
				GCC_WARN_UNINITIALIZED_AUTOS = YES_AGGRESSIVE;
				GCC_WARN_UNUSED_FUNCTION = YES;
				GCC_WARN_UNUSED_VARIABLE = YES;
				IPHONEOS_DEPLOYMENT_TARGET = 10.3;
				MTL_ENABLE_DEBUG_INFO = YES;
				ONLY_ACTIVE_ARCH = YES;
				SDKROOT = iphoneos;
				SWIFT_ACTIVE_COMPILATION_CONDITIONS = DEBUG;
				SWIFT_OPTIMIZATION_LEVEL = "-Onone";
				TARGETED_DEVICE_FAMILY = "1,2";
			};
			name = Debug;
		};
		E2CF6CEB1EB77BFC007ECE43 /* Release */ = {
			isa = XCBuildConfiguration;
			buildSettings = {
				ALWAYS_SEARCH_USER_PATHS = NO;
				CLANG_ANALYZER_NONNULL = YES;
				CLANG_ANALYZER_NUMBER_OBJECT_CONVERSION = YES_AGGRESSIVE;
				CLANG_CXX_LANGUAGE_STANDARD = "gnu++0x";
				CLANG_CXX_LIBRARY = "libc++";
				CLANG_ENABLE_MODULES = YES;
				CLANG_ENABLE_OBJC_ARC = YES;
				CLANG_WARN_BOOL_CONVERSION = YES;
				CLANG_WARN_CONSTANT_CONVERSION = YES;
				CLANG_WARN_DIRECT_OBJC_ISA_USAGE = YES_ERROR;
				CLANG_WARN_DOCUMENTATION_COMMENTS = YES;
				CLANG_WARN_EMPTY_BODY = YES;
				CLANG_WARN_ENUM_CONVERSION = YES;
				CLANG_WARN_INFINITE_RECURSION = YES;
				CLANG_WARN_INT_CONVERSION = YES;
				CLANG_WARN_OBJC_ROOT_CLASS = YES_ERROR;
				CLANG_WARN_SUSPICIOUS_MOVE = YES;
				CLANG_WARN_UNREACHABLE_CODE = YES;
				CLANG_WARN__DUPLICATE_METHOD_MATCH = YES;
				"CODE_SIGN_IDENTITY[sdk=iphoneos*]" = "iPhone Developer";
				COPY_PHASE_STRIP = NO;
				DEBUG_INFORMATION_FORMAT = "dwarf-with-dsym";
				ENABLE_NS_ASSERTIONS = NO;
				ENABLE_STRICT_OBJC_MSGSEND = YES;
				GCC_C_LANGUAGE_STANDARD = gnu99;
				GCC_NO_COMMON_BLOCKS = YES;
				GCC_WARN_64_TO_32_BIT_CONVERSION = YES;
				GCC_WARN_ABOUT_RETURN_TYPE = YES_ERROR;
				GCC_WARN_UNDECLARED_SELECTOR = YES;
				GCC_WARN_UNINITIALIZED_AUTOS = YES_AGGRESSIVE;
				GCC_WARN_UNUSED_FUNCTION = YES;
				GCC_WARN_UNUSED_VARIABLE = YES;
				IPHONEOS_DEPLOYMENT_TARGET = 10.3;
				MTL_ENABLE_DEBUG_INFO = NO;
				SDKROOT = iphoneos;
				SWIFT_OPTIMIZATION_LEVEL = "-Owholemodule";
				TARGETED_DEVICE_FAMILY = "1,2";
				VALIDATE_PRODUCT = YES;
			};
			name = Release;
		};
		E2CF6CED1EB77BFC007ECE43 /* Debug */ = {
			isa = XCBuildConfiguration;
			buildSettings = {
				ALWAYS_EMBED_SWIFT_STANDARD_LIBRARIES = YES;
				ASSETCATALOG_COMPILER_APPICON_NAME = AppIcon;
				DEVELOPMENT_TEAM = SD6HQTT68J;
				INFOPLIST_FILE = TwitchList/Info.plist;
				IPHONEOS_DEPLOYMENT_TARGET = 9.0;
				LD_RUNPATH_SEARCH_PATHS = "$(inherited) @executable_path/Frameworks";
				PRODUCT_BUNDLE_IDENTIFIER = exe.dede.TwitchList;
				PRODUCT_NAME = "$(TARGET_NAME)";
				SWIFT_VERSION = 3.0;
			};
			name = Debug;
		};
		E2CF6CEE1EB77BFC007ECE43 /* Release */ = {
			isa = XCBuildConfiguration;
			buildSettings = {
				ALWAYS_EMBED_SWIFT_STANDARD_LIBRARIES = YES;
				ASSETCATALOG_COMPILER_APPICON_NAME = AppIcon;
				DEVELOPMENT_TEAM = SD6HQTT68J;
				INFOPLIST_FILE = TwitchList/Info.plist;
				IPHONEOS_DEPLOYMENT_TARGET = 9.0;
				LD_RUNPATH_SEARCH_PATHS = "$(inherited) @executable_path/Frameworks";
				PRODUCT_BUNDLE_IDENTIFIER = exe.dede.TwitchList;
				PRODUCT_NAME = "$(TARGET_NAME)";
				SWIFT_VERSION = 3.0;
			};
			name = Release;
		};
		E2CF6CF01EB77BFC007ECE43 /* Debug */ = {
			isa = XCBuildConfiguration;
			buildSettings = {
				ALWAYS_EMBED_SWIFT_STANDARD_LIBRARIES = YES;
				BUNDLE_LOADER = "$(TEST_HOST)";
				CLANG_ENABLE_MODULES = YES;
				INFOPLIST_FILE = TwitchListTests/Info.plist;
				LD_RUNPATH_SEARCH_PATHS = "$(inherited) @executable_path/Frameworks @loader_path/Frameworks";
				PRODUCT_BUNDLE_IDENTIFIER = exe.dede.TwitchListTests;
				PRODUCT_NAME = "$(TARGET_NAME)";
				SWIFT_OBJC_BRIDGING_HEADER = "TwitchListTests/Modules/GameDetail/TwitchListTests-Bridging-Header.h";
				SWIFT_OPTIMIZATION_LEVEL = "-Onone";
				SWIFT_VERSION = 3.0;
				TEST_HOST = "$(BUILT_PRODUCTS_DIR)/TwitchList.app/TwitchList";
			};
			name = Debug;
		};
		E2CF6CF11EB77BFC007ECE43 /* Release */ = {
			isa = XCBuildConfiguration;
			buildSettings = {
				ALWAYS_EMBED_SWIFT_STANDARD_LIBRARIES = YES;
				BUNDLE_LOADER = "$(TEST_HOST)";
				CLANG_ENABLE_MODULES = YES;
				INFOPLIST_FILE = TwitchListTests/Info.plist;
				LD_RUNPATH_SEARCH_PATHS = "$(inherited) @executable_path/Frameworks @loader_path/Frameworks";
				PRODUCT_BUNDLE_IDENTIFIER = exe.dede.TwitchListTests;
				PRODUCT_NAME = "$(TARGET_NAME)";
				SWIFT_OBJC_BRIDGING_HEADER = "TwitchListTests/Modules/GameDetail/TwitchListTests-Bridging-Header.h";
				SWIFT_VERSION = 3.0;
				TEST_HOST = "$(BUILT_PRODUCTS_DIR)/TwitchList.app/TwitchList";
			};
			name = Release;
		};
		E2CF6CF31EB77BFC007ECE43 /* Debug */ = {
			isa = XCBuildConfiguration;
			buildSettings = {
				ALWAYS_EMBED_SWIFT_STANDARD_LIBRARIES = YES;
				INFOPLIST_FILE = TwitchListUITests/Info.plist;
				LD_RUNPATH_SEARCH_PATHS = "$(inherited) @executable_path/Frameworks @loader_path/Frameworks";
				PRODUCT_BUNDLE_IDENTIFIER = exe.dede.TwitchListUITests;
				PRODUCT_NAME = "$(TARGET_NAME)";
				SWIFT_VERSION = 3.0;
				TEST_TARGET_NAME = TwitchList;
			};
			name = Debug;
		};
		E2CF6CF41EB77BFC007ECE43 /* Release */ = {
			isa = XCBuildConfiguration;
			buildSettings = {
				ALWAYS_EMBED_SWIFT_STANDARD_LIBRARIES = YES;
				INFOPLIST_FILE = TwitchListUITests/Info.plist;
				LD_RUNPATH_SEARCH_PATHS = "$(inherited) @executable_path/Frameworks @loader_path/Frameworks";
				PRODUCT_BUNDLE_IDENTIFIER = exe.dede.TwitchListUITests;
				PRODUCT_NAME = "$(TARGET_NAME)";
				SWIFT_VERSION = 3.0;
				TEST_TARGET_NAME = TwitchList;
			};
			name = Release;
		};
/* End XCBuildConfiguration section */

/* Begin XCConfigurationList section */
		E2CF6CBF1EB77BFC007ECE43 /* Build configuration list for PBXProject "TwitchList" */ = {
			isa = XCConfigurationList;
			buildConfigurations = (
				E2CF6CEA1EB77BFC007ECE43 /* Debug */,
				E2CF6CEB1EB77BFC007ECE43 /* Release */,
			);
			defaultConfigurationIsVisible = 0;
			defaultConfigurationName = Release;
		};
		E2CF6CEC1EB77BFC007ECE43 /* Build configuration list for PBXNativeTarget "TwitchList" */ = {
			isa = XCConfigurationList;
			buildConfigurations = (
				E2CF6CED1EB77BFC007ECE43 /* Debug */,
				E2CF6CEE1EB77BFC007ECE43 /* Release */,
			);
			defaultConfigurationIsVisible = 0;
			defaultConfigurationName = Release;
		};
		E2CF6CEF1EB77BFC007ECE43 /* Build configuration list for PBXNativeTarget "TwitchListTests" */ = {
			isa = XCConfigurationList;
			buildConfigurations = (
				E2CF6CF01EB77BFC007ECE43 /* Debug */,
				E2CF6CF11EB77BFC007ECE43 /* Release */,
			);
			defaultConfigurationIsVisible = 0;
			defaultConfigurationName = Release;
		};
		E2CF6CF21EB77BFC007ECE43 /* Build configuration list for PBXNativeTarget "TwitchListUITests" */ = {
			isa = XCConfigurationList;
			buildConfigurations = (
				E2CF6CF31EB77BFC007ECE43 /* Debug */,
				E2CF6CF41EB77BFC007ECE43 /* Release */,
			);
			defaultConfigurationIsVisible = 0;
			defaultConfigurationName = Release;
		};
/* End XCConfigurationList section */

/* Begin XCVersionGroup section */
		91B21EB71FA0F54C00B890E5 /* GamesModel.xcdatamodeld */ = {
			isa = XCVersionGroup;
			children = (
				91B21EB81FA0F54C00B890E5 /* GamesModel.xcdatamodel */,
			);
			currentVersion = 91B21EB81FA0F54C00B890E5 /* GamesModel.xcdatamodel */;
			path = GamesModel.xcdatamodeld;
			sourceTree = "<group>";
			versionGroupType = wrapper.xcdatamodel;
		};
/* End XCVersionGroup section */
	};
	rootObject = E2CF6CBC1EB77BFC007ECE43 /* Project object */;
}
